
Microsoft Visual Studio Solution File, Format Version 12.00
# Visual Studio Version 16
VisualStudioVersion = 16.0.31424.327
MinimumVisualStudioVersion = 10.0.40219.1
Project("{FAE04EC0-301F-11D3-BF4B-00C04F79EFBC}") = "BetterChaosOnStart-EXILED5", "BetterChaosOnStart-EXILED5.csproj", "{B3F5F4F0-2532-420D-8BC7-83562B780AF9}"
EndProject
Global
	GlobalSection(SolutionConfigurationPlatforms) = preSolution
		Debug|Any CPU = Debug|Any CPU
		Release|Any CPU = Release|Any CPU
	EndGlobalSection
	GlobalSection(ProjectConfigurationPlatforms) = postSolution
		{B3F5F4F0-2532-420D-8BC7-83562B780AF9}.Debug|Any CPU.ActiveCfg = Debug|Any CPU
		{B3F5F4F0-2532-420D-8BC7-83562B780AF9}.Debug|Any CPU.Build.0 = Debug|Any CPU
		{B3F5F4F0-2532-420D-8BC7-83562B780AF9}.Release|Any CPU.ActiveCfg = Release|Any CPU
		{B3F5F4F0-2532-420D-8BC7-83562B780AF9}.Release|Any CPU.Build.0 = Release|Any CPU
	EndGlobalSection
	GlobalSection(SolutionProperties) = preSolution
		HideSolutionNode = FALSE
	EndGlobalSection
	GlobalSection(ExtensibilityGlobals) = postSolution
		SolutionGuid = {12057FB4-1B4F-4F41-9203-F69C575F3843}
	EndGlobalSection
EndGlobal
